PODS:
  - Alamofire (4.5.1)
  - Crashlytics (3.8.6):
    - Fabric (~> 1.6.3)
  - Fabric (1.6.13)
  - LGSideMenuController (2.1.1)
  - ObjectMapper (3.0.0)
  - PureLayout (3.0.2)
  - QRCodeReader.swift (8.0.1)
  - Realm (2.10.1):
    - Realm/Headers (= 2.10.1)
  - Realm/Headers (2.10.1)
  - RealmSwift (2.10.1):
    - Realm (= 2.10.1)
  - SnapKit (4.0.0)
  - SVProgressHUD (2.2.1)

DEPENDENCIES:
  - Alamofire
  - Crashlytics
  - Fabric
  - LGSideMenuController
  - ObjectMapper
  - PureLayout
  - QRCodeReader.swift
  - RealmSwift
  - SnapKit
  - SVProgressHUD

SPEC CHECKSUMS:
  Alamofire: 2d95912bf4c34f164fdfc335872e8c312acaea4a
  Crashlytics: 95d05f4e4c19a771250c4bd9ce344d996de32bbf
  Fabric: 2fb5676bc811af011a04513451f463dac6803206
  LGSideMenuController: ae40c80983ab8b8801c7cef0a6804d43aaa72d45
  ObjectMapper: 92230db59bf8f341a5c3a3cf0b9fbdde3cf0d87f
  PureLayout: 4d550abe49a94f24c2808b9b95db9131685fe4cd
  QRCodeReader.swift: 25e6110632fecba8f090f9814b4bd68fc6a519c9
  Realm: fc7a317a5c2c9ba91f5f235ede4e2ea76e9eba0c
  RealmSwift: 505ed6c15942a2e76f5cfa78a8667cfa997ee75b
  SnapKit: a42d492c16e80209130a3379f73596c3454b7694
  SVProgressHUD: db27c54e6e18bc903341661fc9feb55e04905cc4

PODFILE CHECKSUM: 6e1aa181d5a2afbe841edadacbbb86f715afb5dd

COCOAPODS: 1.2.0
