PODS:
  - Alamofire (4.4.0)
  - Crashlytics (3.8.5):
    - Fabric (~> 1.6.3)
  - Fabric (1.6.11)
  - LGSideMenuController (2.1.1)
  - ObjectMapper (2.2.7)
  - PureLayout (3.0.2)
  - Realm (2.8.3):
    - Realm/Headers (= 2.8.3)
  - Realm/Headers (2.8.3)
  - RealmSwift (2.8.3):
    - Realm (= 2.8.3)
  - SnapKit (3.0.2)
  - SVProgressHUD (2.1.2)

DEPENDENCIES:
  - Alamofire (~> 4.0)
  - Crashlytics
  - Fabric
  - LGSideMenuController
  - ObjectMapper (~> 2.0)
  - PureLayout
  - RealmSwift
  - SnapKit (~> 3.0.2)
  - SVProgressHUD

SPEC CHECKSUMS:
  Alamofire: dc44b1600b800eb63da6a19039a0083d62a6a62d
  Crashlytics: dfbae35ef22ca189240d230ad501feea4ee85d2d
  Fabric: 5911403591946b8228ab1c51d98f1d7137e863c6
  LGSideMenuController: ae40c80983ab8b8801c7cef0a6804d43aaa72d45
  ObjectMapper: 65abcfd9a61cf7396cbd14a4fb22fddfcc46577e
  PureLayout: 4d550abe49a94f24c2808b9b95db9131685fe4cd
  Realm: 3601ef091c8c499a31101d8563b991e75546cdce
  RealmSwift: 8183818515471b01a99abdd2970f8e4fd52b6f4a
  SnapKit: 2e456761aa92d4d4067a7a5594c18769d451a8ad
  SVProgressHUD: c404a55d78acbeb7ebb78b76d3faf986475a6994

PODFILE CHECKSUM: 352a2f098392b4909e38c695fc4f2dea5f8c6ca4

COCOAPODS: 1.2.0
